
Microsoft Visual Studio Solution File, Format Version 12.00
# Visual Studio Version 16
VisualStudioVersion = 16.0.29609.76
MinimumVisualStudioVersion = 10.0.40219.1
Project("{2150E333-8FDC-42A3-9474-1A3956D46DE8}") = "Solution Items", "Solution Items", "{83F41A10-B8A1-4B99-9729-A65C595ECE81}"
EndProject
Project("{FAE04EC0-301F-11D3-BF4B-00C04F79EFBC}") = "TargetFrameworkMigratorVSIX", "Src\TargetFrameworkMigratorVSIX\TargetFrameworkMigratorVSIX.csproj", "{8B249EC9-DA90-46DA-B5AB-F2E523206109}"
EndProject
Project("{FAE04EC0-301F-11D3-BF4B-00C04F79EFBC}") = "TargetFrameworkMigrator", "Src\TargetFrameworkMigrator\TargetFrameworkMigrator.csproj", "{39CEC1D1-AFFA-4E29-9F6D-F5E976207274}"
EndProject
Project("{FAE04EC0-301F-11D3-BF4B-00C04F79EFBC}") = "TargetFrameworkMigrator_IntegrationTests", "Tests\TargetFrameworkMigrator_IntegrationTests\TargetFrameworkMigrator_IntegrationTests.csproj", "{01FA1704-36DE-4C83-AACD-23A51281E0FD}"
EndProject
Project("{FAE04EC0-301F-11D3-BF4B-00C04F79EFBC}") = "TargetFrameworkMigrator_UnitTests", "Tests\TargetFrameworkMigrator_UnitTests\TargetFrameworkMigrator_UnitTests.csproj", "{79F8DBB8-E7C4-4899-A3BA-753BDB952BB5}"
EndProject
Project("{2150E333-8FDC-42A3-9474-1A3956D46DE8}") = "Tests", "Tests", "{AC6673EA-5CD9-4461-856B-ECB322831AA0}"
EndProject
Global
	GlobalSection(SolutionConfigurationPlatforms) = preSolution
		Debug|Any CPU = Debug|Any CPU
		Debug|X64 = Debug|X64
		Debug|x86 = Debug|x86
		Release|Any CPU = Release|Any CPU
		Release|X64 = Release|X64
		Release|x86 = Release|x86
	EndGlobalSection
	GlobalSection(ProjectConfigurationPlatforms) = postSolution
		{8B249EC9-DA90-46DA-B5AB-F2E523206109}.Debug|Any CPU.ActiveCfg = Debug|Any CPU
		{8B249EC9-DA90-46DA-B5AB-F2E523206109}.Debug|Any CPU.Build.0 = Debug|Any CPU
		{8B249EC9-DA90-46DA-B5AB-F2E523206109}.Debug|X64.ActiveCfg = Debug|Any CPU
		{8B249EC9-DA90-46DA-B5AB-F2E523206109}.Debug|x86.ActiveCfg = Debug|x86
		{8B249EC9-DA90-46DA-B5AB-F2E523206109}.Debug|x86.Build.0 = Debug|x86
		{8B249EC9-DA90-46DA-B5AB-F2E523206109}.Release|Any CPU.ActiveCfg = Release|Any CPU
		{8B249EC9-DA90-46DA-B5AB-F2E523206109}.Release|Any CPU.Build.0 = Release|Any CPU
		{8B249EC9-DA90-46DA-B5AB-F2E523206109}.Release|X64.ActiveCfg = Release|Any CPU
		{8B249EC9-DA90-46DA-B5AB-F2E523206109}.Release|x86.ActiveCfg = Release|x86
		{8B249EC9-DA90-46DA-B5AB-F2E523206109}.Release|x86.Build.0 = Release|x86
		{39CEC1D1-AFFA-4E29-9F6D-F5E976207274}.Debug|Any CPU.ActiveCfg = Debug|Any CPU
		{39CEC1D1-AFFA-4E29-9F6D-F5E976207274}.Debug|Any CPU.Build.0 = Debug|Any CPU
		{39CEC1D1-AFFA-4E29-9F6D-F5E976207274}.Debug|X64.ActiveCfg = Debug|Any CPU
		{39CEC1D1-AFFA-4E29-9F6D-F5E976207274}.Debug|x86.ActiveCfg = Debug|x86
		{39CEC1D1-AFFA-4E29-9F6D-F5E976207274}.Debug|x86.Build.0 = Debug|x86
		{39CEC1D1-AFFA-4E29-9F6D-F5E976207274}.Release|Any CPU.ActiveCfg = Release|Any CPU
		{39CEC1D1-AFFA-4E29-9F6D-F5E976207274}.Release|Any CPU.Build.0 = Release|Any CPU
		{39CEC1D1-AFFA-4E29-9F6D-F5E976207274}.Release|X64.ActiveCfg = Release|Any CPU
		{39CEC1D1-AFFA-4E29-9F6D-F5E976207274}.Release|x86.ActiveCfg = Release|x86
		{39CEC1D1-AFFA-4E29-9F6D-F5E976207274}.Release|x86.Build.0 = Release|x86
		{01FA1704-36DE-4C83-AACD-23A51281E0FD}.Debug|Any CPU.ActiveCfg = Debug|Any CPU
		{01FA1704-36DE-4C83-AACD-23A51281E0FD}.Debug|Any CPU.Build.0 = Debug|Any CPU
		{01FA1704-36DE-4C83-AACD-23A51281E0FD}.Debug|X64.ActiveCfg = Debug|Any CPU
		{01FA1704-36DE-4C83-AACD-23A51281E0FD}.Debug|x86.ActiveCfg = Debug|x86
		{01FA1704-36DE-4C83-AACD-23A51281E0FD}.Debug|x86.Build.0 = Debug|x86
		{01FA1704-36DE-4C83-AACD-23A51281E0FD}.Release|Any CPU.ActiveCfg = Release|Any CPU
		{01FA1704-36DE-4C83-AACD-23A51281E0FD}.Release|Any CPU.Build.0 = Release|Any CPU
		{01FA1704-36DE-4C83-AACD-23A51281E0FD}.Release|X64.ActiveCfg = Release|Any CPU
		{01FA1704-36DE-4C83-AACD-23A51281E0FD}.Release|x86.ActiveCfg = Release|x86
		{01FA1704-36DE-4C83-AACD-23A51281E0FD}.Release|x86.Build.0 = Release|x86
		{79F8DBB8-E7C4-4899-A3BA-753BDB952BB5}.Debug|Any CPU.ActiveCfg = Debug|Any CPU
		{79F8DBB8-E7C4-4899-A3BA-753BDB952BB5}.Debug|Any CPU.Build.0 = Debug|Any CPU
		{79F8DBB8-E7C4-4899-A3BA-753BDB952BB5}.Debug|X64.ActiveCfg = Debug|Any CPU
		{79F8DBB8-E7C4-4899-A3BA-753BDB952BB5}.Debug|x86.ActiveCfg = Debug|x86
		{79F8DBB8-E7C4-4899-A3BA-753BDB952BB5}.Debug|x86.Build.0 = Debug|x86
		{79F8DBB8-E7C4-4899-A3BA-753BDB952BB5}.Release|Any CPU.ActiveCfg = Release|Any CPU
		{79F8DBB8-E7C4-4899-A3BA-753BDB952BB5}.Release|Any CPU.Build.0 = Release|Any CPU
		{79F8DBB8-E7C4-4899-A3BA-753BDB952BB5}.Release|X64.ActiveCfg = Release|Any CPU
		{79F8DBB8-E7C4-4899-A3BA-753BDB952BB5}.Release|x86.ActiveCfg = Release|x86
		{79F8DBB8-E7C4-4899-A3BA-753BDB952BB5}.Release|x86.Build.0 = Release|x86
	EndGlobalSection
	GlobalSection(SolutionProperties) = preSolution
		HideSolutionNode = FALSE
	EndGlobalSection
	GlobalSection(NestedProjects) = preSolution
		{01FA1704-36DE-4C83-AACD-23A51281E0FD} = {AC6673EA-5CD9-4461-856B-ECB322831AA0}
		{79F8DBB8-E7C4-4899-A3BA-753BDB952BB5} = {AC6673EA-5CD9-4461-856B-ECB322831AA0}
	EndGlobalSection
	GlobalSection(ExtensibilityGlobals) = postSolution
		SolutionGuid = {328E24A1-CD5B-4AF3-9E4D-192FBA5943C2}
	EndGlobalSection
EndGlobal
